
Microsoft Visual Studio Solution File, Format Version 12.00
# Visual Studio Version 17
VisualStudioVersion = 17.9.34714.143
MinimumVisualStudioVersion = 10.0.40219.1
Project("{FAE04EC0-301F-11D3-BF4B-00C04F79EFBC}") = "SpaceShooterGame", "SpaceShooterGame\SpaceShooterGame.csproj", "{56A79F1E-C665-49DC-9B9A-17CBB8F619A6}"
EndProject
Global
	GlobalSection(SolutionConfigurationPlatforms) = preSolution
		Debug|Any CPU = Debug|Any CPU
		Release|Any CPU = Release|Any CPU
	EndGlobalSection
	GlobalSection(ProjectConfigurationPlatforms) = postSolution
		{56A79F1E-C665-49DC-9B9A-17CBB8F619A6}.Debug|Any CPU.ActiveCfg = Debug|Any CPU
		{56A79F1E-C665-49DC-9B9A-17CBB8F619A6}.Debug|Any CPU.Build.0 = Debug|Any CPU
		{56A79F1E-C665-49DC-9B9A-17CBB8F619A6}.Release|Any CPU.ActiveCfg = Release|Any CPU
		{56A79F1E-C665-49DC-9B9A-17CBB8F619A6}.Release|Any CPU.Build.0 = Release|Any CPU
	EndGlobalSection
	GlobalSection(SolutionProperties) = preSolution
		HideSolutionNode = FALSE
	EndGlobalSection
	GlobalSection(ExtensibilityGlobals) = postSolution
		SolutionGuid = {1ACC6980-B1C9-4A36-A742-FBE0B913C086}
	EndGlobalSection
EndGlobal
